{
  "name": "genblaze",
  "version": "0.3.2",
  "lockfileVersion": 3,
  "requires": true,
  "packages": {
    "": {
      "name": "genblaze",
      "version": "0.3.2",
      "license": "MIT",
      "workspaces": [
        "libs/*",
        "libs/connectors/*",
        "libs/core/*",
        "libs/spec/*",
        "cli"
      ],
      "devDependencies": {
        "@types/node": "^26.1.2",
        "typescript": "^5.3.3"
      }
    },
    "libs/connectors/assemblyai": {
      "name": "genblaze-assemblyai",
      "version": "0.3.2-ts"
    },
    "libs/connectors/decart": {
      "name": "genblaze-decart",
      "version": "0.3.2-ts"
    },
    "libs/connectors/elevenlabs": {
      "name": "genblaze-elevenlabs",
      "version": "0.3.2-ts"
    },
    "libs/connectors/hume": {
      "name": "genblaze-hume",
      "version": "0.3.2-ts"
    },
    "libs/connectors/lmnt": {
      "name": "genblaze-lmnt",
      "version": "0.3.2-ts"
    },
    "libs/connectors/luma": {
      "name": "genblaze-luma",
      "version": "0.3.2-ts"
    },
    "libs/connectors/nvidia": {
      "name": "genblaze-nvidia",
      "version": "0.3.2-ts"
    },
    "libs/connectors/replicate": {
      "name": "genblaze-replicate",
      "version": "0.3.2-ts"
    },
    "libs/connectors/runway": {
      "name": "genblaze-runway",
      "version": "0.3.2-ts"
    },
    "libs/connectors/stability-audio": {
      "name": "genblaze-stability-audio",
      "version": "0.3.2-ts"
    },
    "libs/spec/spec": {
      "name": "@genblaze/spec",
      "version": "0.4.0",
      "license": "MIT"
    },
    "node_modules/@genblaze/spec": {
      "resolved": "libs/spec/spec",
      "link": true
    },
    "node_modules/@types/node": {
      "version": "26.1.2",
      "resolved": "https://registry.npmjs.org/@types/node/-/node-26.1.2.tgz",
      "integrity": "sha512-Vu4a5UFA9rIIFJ7rB/Vaafh9lrCQszopTCx6KjFboXTGQbPNasehVR5TEiithSDGyd1DEiUByggTZsg8jukeIg==",
      "dev": true,
      "license": "MIT",
      "dependencies": {
        "undici-types": "~8.3.0"
      }
    },
    "node_modules/genblaze-assemblyai": {
      "resolved": "libs/connectors/assemblyai",
      "link": true
    },
    "node_modules/genblaze-decart": {
      "resolved": "libs/connectors/decart",
      "link": true
    },
    "node_modules/genblaze-elevenlabs": {
      "resolved": "libs/connectors/elevenlabs",
      "link": true
    },
    "node_modules/genblaze-hume": {
      "resolved": "libs/connectors/hume",
      "link": true
    },
    "node_modules/genblaze-lmnt": {
      "resolved": "libs/connectors/lmnt",
      "link": true
    },
    "node_modules/genblaze-luma": {
      "resolved": "libs/connectors/luma",
      "link": true
    },
    "node_modules/genblaze-nvidia": {
      "resolved": "libs/connectors/nvidia",
      "link": true
    },
    "node_modules/genblaze-replicate": {
      "resolved": "libs/connectors/replicate",
      "link": true
    },
    "node_modules/genblaze-runway": {
      "resolved": "libs/connectors/runway",
      "link": true
    },
    "node_modules/genblaze-stability-audio": {
      "resolved": "libs/connectors/stability-audio",
      "link": true
    },
    "node_modules/typescript": {
      "version": "5.9.3",
      "resolved": "https://registry.npmjs.org/typescript/-/typescript-5.9.3.tgz",
      "integrity": "sha512-jl1vZzPDinLr9eUt3J/t7V6FgNEw9QjvBPdysz9KfQDD41fQrC2Y4vKQdiaUpFT4bXlb1RHhLpp8wtm6M5TgSw==",
      "dev": true,
      "license": "Apache-2.0",
      "bin": {
        "tsc": "bin/tsc",
        "tsserver": "bin/tsserver"
      },
      "engines": {
        "node": ">=14.17"
      }
    },
    "node_modules/undici-types": {
      "version": "8.3.0",
      "resolved": "https://registry.npmjs.org/undici-types/-/undici-types-8.3.0.tgz",
      "integrity": "sha512-j375ScV60dom+YkPFIfTLcOiPxkN/buHz5GobjLhixFuANaNs3C9l4GmrWqejgXWJ7BbJcFYpTEUkS1Ge8bpZQ==",
      "dev": true,
      "license": "MIT"
    }
  }
}
